
Microsoft Visual Studio Solution File, Format Version 12.00
# Visual Studio Version 17
VisualStudioVersion = 17.13.35913.81
MinimumVisualStudioVersion = 10.0.40219.1
Project("{FAE04EC0-301F-11D3-BF4B-00C04F79EFBC}") = "RP_1_2", "RP_1_2\RP_1_2.csproj", "{72DC9D6D-80AF-C63F-9364-2685AD4062EB}"
EndProject
Project("{FAE04EC0-301F-11D3-BF4B-00C04F79EFBC}") = "RP_3_4", "RP_3_4\RP_3_4.csproj", "{3C695961-3B96-4EF7-A4D8-D988DE70DCC2}"
EndProject
Project("{FAE04EC0-301F-11D3-BF4B-00C04F79EFBC}") = "RP_5_6", "RP_5_6\RP_5_6.csproj", "{B967DDCF-FDBE-420B-BD0A-E1927C42C41D}"
EndProject
Project("{FAE04EC0-301F-11D3-BF4B-00C04F79EFBC}") = "RP_7_8", "RP_7_8\RP_7_8.csproj", "{52490210-4AB2-4FCB-A04B-FD594588C1BD}"
EndProject
Project("{FAE04EC0-301F-11D3-BF4B-00C04F79EFBC}") = "RP_9_10", "RP_9_10\RP_9_10.csproj", "{3C61987B-AD40-4F41-A86D-E807532362FD}"
EndProject
Project("{FAE04EC0-301F-11D3-BF4B-00C04F79EFBC}") = "RP_11_12", "RP_11_12\RP_11_12.csproj", "{9A04EA3C-8877-4C76-AEAE-6AD1814446B6}"
EndProject
Global
	GlobalSection(SolutionConfigurationPlatforms) = preSolution
		Debug|Any CPU = Debug|Any CPU
		Release|Any CPU = Release|Any CPU
	EndGlobalSection
	GlobalSection(ProjectConfigurationPlatforms) = postSolution
		{72DC9D6D-80AF-C63F-9364-2685AD4062EB}.Debug|Any CPU.ActiveCfg = Debug|Any CPU
		{72DC9D6D-80AF-C63F-9364-2685AD4062EB}.Debug|Any CPU.Build.0 = Debug|Any CPU
		{72DC9D6D-80AF-C63F-9364-2685AD4062EB}.Release|Any CPU.ActiveCfg = Release|Any CPU
		{72DC9D6D-80AF-C63F-9364-2685AD4062EB}.Release|Any CPU.Build.0 = Release|Any CPU
		{3C695961-3B96-4EF7-A4D8-D988DE70DCC2}.Debug|Any CPU.ActiveCfg = Debug|Any CPU
		{3C695961-3B96-4EF7-A4D8-D988DE70DCC2}.Debug|Any CPU.Build.0 = Debug|Any CPU
		{3C695961-3B96-4EF7-A4D8-D988DE70DCC2}.Release|Any CPU.ActiveCfg = Release|Any CPU
		{3C695961-3B96-4EF7-A4D8-D988DE70DCC2}.Release|Any CPU.Build.0 = Release|Any CPU
		{B967DDCF-FDBE-420B-BD0A-E1927C42C41D}.Debug|Any CPU.ActiveCfg = Debug|Any CPU
		{B967DDCF-FDBE-420B-BD0A-E1927C42C41D}.Debug|Any CPU.Build.0 = Debug|Any CPU
		{B967DDCF-FDBE-420B-BD0A-E1927C42C41D}.Release|Any CPU.ActiveCfg = Release|Any CPU
		{B967DDCF-FDBE-420B-BD0A-E1927C42C41D}.Release|Any CPU.Build.0 = Release|Any CPU
		{52490210-4AB2-4FCB-A04B-FD594588C1BD}.Debug|Any CPU.ActiveCfg = Debug|Any CPU
		{52490210-4AB2-4FCB-A04B-FD594588C1BD}.Debug|Any CPU.Build.0 = Debug|Any CPU
		{52490210-4AB2-4FCB-A04B-FD594588C1BD}.Release|Any CPU.ActiveCfg = Release|Any CPU
		{52490210-4AB2-4FCB-A04B-FD594588C1BD}.Release|Any CPU.Build.0 = Release|Any CPU
		{3C61987B-AD40-4F41-A86D-E807532362FD}.Debug|Any CPU.ActiveCfg = Debug|Any CPU
		{3C61987B-AD40-4F41-A86D-E807532362FD}.Debug|Any CPU.Build.0 = Debug|Any CPU
		{3C61987B-AD40-4F41-A86D-E807532362FD}.Release|Any CPU.ActiveCfg = Release|Any CPU
		{3C61987B-AD40-4F41-A86D-E807532362FD}.Release|Any CPU.Build.0 = Release|Any CPU
		{9A04EA3C-8877-4C76-AEAE-6AD1814446B6}.Debug|Any CPU.ActiveCfg = Debug|Any CPU
		{9A04EA3C-8877-4C76-AEAE-6AD1814446B6}.Debug|Any CPU.Build.0 = Debug|Any CPU
		{9A04EA3C-8877-4C76-AEAE-6AD1814446B6}.Release|Any CPU.ActiveCfg = Release|Any CPU
		{9A04EA3C-8877-4C76-AEAE-6AD1814446B6}.Release|Any CPU.Build.0 = Release|Any CPU
	EndGlobalSection
	GlobalSection(SolutionProperties) = preSolution
		HideSolutionNode = FALSE
	EndGlobalSection
	GlobalSection(ExtensibilityGlobals) = postSolution
		SolutionGuid = {5B96E8C0-9953-409E-B7E9-AF78E380F5CB}
	EndGlobalSection
EndGlobal
